
Microsoft Visual Studio Solution File, Format Version 12.00
# Visual Studio Version 17
VisualStudioVersion = 17.0.31903.59
MinimumVisualStudioVersion = 10.0.40219.1
Project("{9A19103F-16F7-4668-BE54-9A1E7A4F7556}") = "advisory.identity.API", "src\advisory.identity.API\advisory.identity.API.csproj", "{6F1DD8D8-6198-4F30-8361-6E437CA767FE}"
EndProject
Project("{9A19103F-16F7-4668-BE54-9A1E7A4F7556}") = "advisory.identity.Application", "src\advisory.identity.Application\advisory.identity.Application.csproj", "{ACABBC6D-DD53-4EFE-ACAC-7E05DD271C18}"
EndProject
Project("{9A19103F-16F7-4668-BE54-9A1E7A4F7556}") = "advisory.identity.Domain", "src\advisory.identity.Domain\advisory.identity.Domain.csproj", "{A1600882-9B2E-4181-895E-9B7E1E325D21}"
EndProject
Project("{9A19103F-16F7-4668-BE54-9A1E7A4F7556}") = "advisory.identity.Infrastructure", "src\advisory.identity.Infrastructure\advisory.identity.Infrastructure.csproj", "{8C9C3C7D-D2B0-42FE-956D-2A9A5386C6DB}"
EndProject
Project("{FAE04EC0-301F-11D3-BF4B-00C04F79EFBC}") = "advisory.identity.Gateway", "src\advisory.identity.Gateway\advisory.identity.Gateway.csproj", "{3B2DB0CC-7DC9-447D-9A6D-80B8AC0B2622}"
EndProject
Project("{2150E333-8FDC-42A3-9474-1A3956D46DE8}") = "advisory.Base", "advisory.Base", "{40D7BA32-302B-4BFF-A094-821B899837BD}"
EndProject
Project("{FAE04EC0-301F-11D3-BF4B-00C04F79EFBC}") = "advisory.Base.Domain", "src\advisory.Base.Domain\advisory.Base.Domain.csproj", "{0465C5A6-8A22-466B-95BA-230719139A18}"
EndProject
Project("{FAE04EC0-301F-11D3-BF4B-00C04F79EFBC}") = "advisory.Base.Infrastructure", "src\advisory.Base.Infrastructure\advisory.Base.Infrastructure.csproj", "{1C5C4BD6-C32B-415B-B4E4-34CA4DAA3B51}"
EndProject
Global
	GlobalSection(SolutionConfigurationPlatforms) = preSolution
		Debug|Any CPU = Debug|Any CPU
		Release|Any CPU = Release|Any CPU
	EndGlobalSection
	GlobalSection(ProjectConfigurationPlatforms) = postSolution
		{6F1DD8D8-6198-4F30-8361-6E437CA767FE}.Debug|Any CPU.ActiveCfg = Debug|Any CPU
		{6F1DD8D8-6198-4F30-8361-6E437CA767FE}.Debug|Any CPU.Build.0 = Debug|Any CPU
		{6F1DD8D8-6198-4F30-8361-6E437CA767FE}.Release|Any CPU.ActiveCfg = Release|Any CPU
		{6F1DD8D8-6198-4F30-8361-6E437CA767FE}.Release|Any CPU.Build.0 = Release|Any CPU
		{ACABBC6D-DD53-4EFE-ACAC-7E05DD271C18}.Debug|Any CPU.ActiveCfg = Debug|Any CPU
		{ACABBC6D-DD53-4EFE-ACAC-7E05DD271C18}.Debug|Any CPU.Build.0 = Debug|Any CPU
		{ACABBC6D-DD53-4EFE-ACAC-7E05DD271C18}.Release|Any CPU.ActiveCfg = Release|Any CPU
		{ACABBC6D-DD53-4EFE-ACAC-7E05DD271C18}.Release|Any CPU.Build.0 = Release|Any CPU
		{A1600882-9B2E-4181-895E-9B7E1E325D21}.Debug|Any CPU.ActiveCfg = Debug|Any CPU
		{A1600882-9B2E-4181-895E-9B7E1E325D21}.Debug|Any CPU.Build.0 = Debug|Any CPU
		{A1600882-9B2E-4181-895E-9B7E1E325D21}.Release|Any CPU.ActiveCfg = Release|Any CPU
		{A1600882-9B2E-4181-895E-9B7E1E325D21}.Release|Any CPU.Build.0 = Release|Any CPU
		{8C9C3C7D-D2B0-42FE-956D-2A9A5386C6DB}.Debug|Any CPU.ActiveCfg = Debug|Any CPU
		{8C9C3C7D-D2B0-42FE-956D-2A9A5386C6DB}.Debug|Any CPU.Build.0 = Debug|Any CPU
		{8C9C3C7D-D2B0-42FE-956D-2A9A5386C6DB}.Release|Any CPU.ActiveCfg = Release|Any CPU
		{8C9C3C7D-D2B0-42FE-956D-2A9A5386C6DB}.Release|Any CPU.Build.0 = Release|Any CPU
		{3B2DB0CC-7DC9-447D-9A6D-80B8AC0B2622}.Debug|Any CPU.ActiveCfg = Debug|Any CPU
		{3B2DB0CC-7DC9-447D-9A6D-80B8AC0B2622}.Debug|Any CPU.Build.0 = Debug|Any CPU
		{3B2DB0CC-7DC9-447D-9A6D-80B8AC0B2622}.Release|Any CPU.ActiveCfg = Release|Any CPU
		{3B2DB0CC-7DC9-447D-9A6D-80B8AC0B2622}.Release|Any CPU.Build.0 = Release|Any CPU
		{0465C5A6-8A22-466B-95BA-230719139A18}.Debug|Any CPU.ActiveCfg = Debug|Any CPU
		{0465C5A6-8A22-466B-95BA-230719139A18}.Debug|Any CPU.Build.0 = Debug|Any CPU
		{0465C5A6-8A22-466B-95BA-230719139A18}.Release|Any CPU.ActiveCfg = Release|Any CPU
		{0465C5A6-8A22-466B-95BA-230719139A18}.Release|Any CPU.Build.0 = Release|Any CPU
		{1C5C4BD6-C32B-415B-B4E4-34CA4DAA3B51}.Debug|Any CPU.ActiveCfg = Debug|Any CPU
		{1C5C4BD6-C32B-415B-B4E4-34CA4DAA3B51}.Debug|Any CPU.Build.0 = Debug|Any CPU
		{1C5C4BD6-C32B-415B-B4E4-34CA4DAA3B51}.Release|Any CPU.ActiveCfg = Release|Any CPU
		{1C5C4BD6-C32B-415B-B4E4-34CA4DAA3B51}.Release|Any CPU.Build.0 = Release|Any CPU
	EndGlobalSection
	GlobalSection(SolutionProperties) = preSolution
		HideSolutionNode = FALSE
	EndGlobalSection
	GlobalSection(NestedProjects) = preSolution
		{0465C5A6-8A22-466B-95BA-230719139A18} = {40D7BA32-302B-4BFF-A094-821B899837BD}
		{1C5C4BD6-C32B-415B-B4E4-34CA4DAA3B51} = {40D7BA32-302B-4BFF-A094-821B899837BD}
	EndGlobalSection
	GlobalSection(ExtensibilityGlobals) = postSolution
		SolutionGuid = {DBD5C80F-9F0C-4445-9801-09920B674AC3}
	EndGlobalSection
EndGlobal
